{
  "pins" : [
    {
      "identity" : "wallet-core",
      "kind" : "remoteSourceControl",
      "location" : "https://github.com/trustwallet/wallet-core",
      "state" : {
        "branch" : "master",
        "revision" : "66b89fd860d6075d51a2f2530ff772038691063d"
      }
    },
    {
      "identity" : "yams",
      "kind" : "remoteSourceControl",
      "location" : "https://github.com/jpsim/Yams.git",
      "state" : {
        "revision" : "4889c132978bc6ad3e80f680011ec3dd4fead90c",
        "version" : "5.0.4"
      }
    }
  ],
  "version" : 2
}
